
Microsoft Visual Studio Solution File, Format Version 12.00
Project("{F2A71F9B-5D33-465A-A702-920D77279786}") = "FSharp_labs", "FSharp_labs\FSharp_labs.fsproj", "{15691BEE-657C-4DB4-A960-A7B1EE20E0F6}"
EndProject
Global
	GlobalSection(SolutionConfigurationPlatforms) = preSolution
		Debug|Any CPU = Debug|Any CPU
		Release|Any CPU = Release|Any CPU
	EndGlobalSection
	GlobalSection(ProjectConfigurationPlatforms) = postSolution
		{15691BEE-657C-4DB4-A960-A7B1EE20E0F6}.Debug|Any CPU.ActiveCfg = Debug|Any CPU
		{15691BEE-657C-4DB4-A960-A7B1EE20E0F6}.Debug|Any CPU.Build.0 = Debug|Any CPU
		{15691BEE-657C-4DB4-A960-A7B1EE20E0F6}.Release|Any CPU.ActiveCfg = Release|Any CPU
		{15691BEE-657C-4DB4-A960-A7B1EE20E0F6}.Release|Any CPU.Build.0 = Release|Any CPU
	EndGlobalSection
EndGlobal
